
Microsoft Visual Studio Solution File, Format Version 12.00
# Visual Studio 15
VisualStudioVersion = 15.0.27703.2026
MinimumVisualStudioVersion = 10.0.40219.1
Project("{FAE04EC0-301F-11D3-BF4B-00C04F79EFBC}") = "Snake", "Snake\Snake.csproj", "{68B70E32-E8D3-4397-B65C-6E21B4C8519F}"
EndProject
Global
	GlobalSection(SolutionConfigurationPlatforms) = preSolution
		Debug|Any CPU = Debug|Any CPU
		Release|Any CPU = Release|Any CPU
	EndGlobalSection
	GlobalSection(ProjectConfigurationPlatforms) = postSolution
		{68B70E32-E8D3-4397-B65C-6E21B4C8519F}.Debug|Any CPU.ActiveCfg = Debug|Any CPU
		{68B70E32-E8D3-4397-B65C-6E21B4C8519F}.Debug|Any CPU.Build.0 = Debug|Any CPU
		{68B70E32-E8D3-4397-B65C-6E21B4C8519F}.Release|Any CPU.ActiveCfg = Release|Any CPU
		{68B70E32-E8D3-4397-B65C-6E21B4C8519F}.Release|Any CPU.Build.0 = Release|Any CPU
	EndGlobalSection
	GlobalSection(SolutionProperties) = preSolution
		HideSolutionNode = FALSE
	EndGlobalSection
	GlobalSection(ExtensibilityGlobals) = postSolution
		SolutionGuid = {418803DA-76E2-4061-9594-0B3FC5FAE57E}
	EndGlobalSection
EndGlobal
